
Microsoft Visual Studio Solution File, Format Version 9.00
# Visual C# Express 2005
Project("{FAE04EC0-301F-11D3-BF4B-00C04F79EFBC}") = "AI.NeuralNetwork", "AI\NeuralNetwork\AI.NeuralNetwork.csproj", "{3BA260E0-18AF-4B5F-8A25-E09036F42246}"
EndProject
Project("{FAE04EC0-301F-11D3-BF4B-00C04F79EFBC}") = "Audio.Midi", "Audio\Midi\Audio.Midi.csproj", "{6FE0A492-5ACD-4AFA-AAEF-C43306CFAC78}"
EndProject
Project("{FAE04EC0-301F-11D3-BF4B-00C04F79EFBC}") = "Worlds", "Worlds\Worlds.csproj", "{7AB052F2-BFD7-4E5B-8F2C-24D8FB087DBB}"
EndProject
Project("{FAE04EC0-301F-11D3-BF4B-00C04F79EFBC}") = "Worlds.Plugins.XnaGraphics", "Worlds\Plugins\XnaGraphics\Worlds.Plugins.XnaGraphics.csproj", "{6FA2EF8E-21B2-4201-A2A0-85D08859D42F}"
EndProject
<<<<<<< .mine
Project("{FAE04EC0-301F-11D3-BF4B-00C04F79EFBC}") = "Comic", "Worlds\Plugins\Comic\Comic.csproj", "{DD7118AD-8DAF-4FAF-93B0-CDA8DFEBF0CA}"
EndProject
=======
Project("{FAE04EC0-301F-11D3-BF4B-00C04F79EFBC}") = "Worlds.Plugins.MotherNature", "Worlds\Plugins\MotherNature\Worlds.Plugins.MotherNature.csproj", "{BA4E94F6-5CA6-402E-B7D0-F6C2EFE955E3}"
EndProject
>>>>>>> .r172
Global
	GlobalSection(SolutionConfigurationPlatforms) = preSolution
		Debug|Any CPU = Debug|Any CPU
		Debug|Mixed Platforms = Debug|Mixed Platforms
		Debug|x86 = Debug|x86
		Release|Any CPU = Release|Any CPU
		Release|Mixed Platforms = Release|Mixed Platforms
		Release|x86 = Release|x86
	EndGlobalSection
	GlobalSection(ProjectConfigurationPlatforms) = postSolution
		{3BA260E0-18AF-4B5F-8A25-E09036F42246}.Debug|Any CPU.ActiveCfg = Debug|Any CPU
		{3BA260E0-18AF-4B5F-8A25-E09036F42246}.Debug|Any CPU.Build.0 = Debug|Any CPU
		{3BA260E0-18AF-4B5F-8A25-E09036F42246}.Debug|Mixed Platforms.ActiveCfg = Debug|Any CPU
		{3BA260E0-18AF-4B5F-8A25-E09036F42246}.Debug|Mixed Platforms.Build.0 = Debug|Any CPU
		{3BA260E0-18AF-4B5F-8A25-E09036F42246}.Debug|x86.ActiveCfg = Debug|Any CPU
		{3BA260E0-18AF-4B5F-8A25-E09036F42246}.Release|Any CPU.ActiveCfg = Release|Any CPU
		{3BA260E0-18AF-4B5F-8A25-E09036F42246}.Release|Any CPU.Build.0 = Release|Any CPU
		{3BA260E0-18AF-4B5F-8A25-E09036F42246}.Release|Mixed Platforms.ActiveCfg = Release|Any CPU
		{3BA260E0-18AF-4B5F-8A25-E09036F42246}.Release|Mixed Platforms.Build.0 = Release|Any CPU
		{3BA260E0-18AF-4B5F-8A25-E09036F42246}.Release|x86.ActiveCfg = Release|Any CPU
		{6FE0A492-5ACD-4AFA-AAEF-C43306CFAC78}.Debug|Any CPU.ActiveCfg = Debug|Any CPU
		{6FE0A492-5ACD-4AFA-AAEF-C43306CFAC78}.Debug|Any CPU.Build.0 = Debug|Any CPU
		{6FE0A492-5ACD-4AFA-AAEF-C43306CFAC78}.Debug|Mixed Platforms.ActiveCfg = Debug|Any CPU
		{6FE0A492-5ACD-4AFA-AAEF-C43306CFAC78}.Debug|Mixed Platforms.Build.0 = Debug|Any CPU
		{6FE0A492-5ACD-4AFA-AAEF-C43306CFAC78}.Debug|x86.ActiveCfg = Debug|Any CPU
		{6FE0A492-5ACD-4AFA-AAEF-C43306CFAC78}.Release|Any CPU.ActiveCfg = Release|Any CPU
		{6FE0A492-5ACD-4AFA-AAEF-C43306CFAC78}.Release|Any CPU.Build.0 = Release|Any CPU
		{6FE0A492-5ACD-4AFA-AAEF-C43306CFAC78}.Release|Mixed Platforms.ActiveCfg = Release|Any CPU
		{6FE0A492-5ACD-4AFA-AAEF-C43306CFAC78}.Release|Mixed Platforms.Build.0 = Release|Any CPU
		{6FE0A492-5ACD-4AFA-AAEF-C43306CFAC78}.Release|x86.ActiveCfg = Release|Any CPU
		{7AB052F2-BFD7-4E5B-8F2C-24D8FB087DBB}.Debug|Any CPU.ActiveCfg = Debug|Any CPU
		{7AB052F2-BFD7-4E5B-8F2C-24D8FB087DBB}.Debug|Any CPU.Build.0 = Debug|Any CPU
		{7AB052F2-BFD7-4E5B-8F2C-24D8FB087DBB}.Debug|Mixed Platforms.ActiveCfg = Debug|Any CPU
		{7AB052F2-BFD7-4E5B-8F2C-24D8FB087DBB}.Debug|Mixed Platforms.Build.0 = Debug|Any CPU
		{7AB052F2-BFD7-4E5B-8F2C-24D8FB087DBB}.Debug|x86.ActiveCfg = Debug|Any CPU
		{7AB052F2-BFD7-4E5B-8F2C-24D8FB087DBB}.Release|Any CPU.ActiveCfg = Release|Any CPU
		{7AB052F2-BFD7-4E5B-8F2C-24D8FB087DBB}.Release|Any CPU.Build.0 = Release|Any CPU
		{7AB052F2-BFD7-4E5B-8F2C-24D8FB087DBB}.Release|Mixed Platforms.ActiveCfg = Release|Any CPU
		{7AB052F2-BFD7-4E5B-8F2C-24D8FB087DBB}.Release|Mixed Platforms.Build.0 = Release|Any CPU
		{7AB052F2-BFD7-4E5B-8F2C-24D8FB087DBB}.Release|x86.ActiveCfg = Release|Any CPU
		{6FA2EF8E-21B2-4201-A2A0-85D08859D42F}.Debug|Any CPU.ActiveCfg = Debug|x86
		{6FA2EF8E-21B2-4201-A2A0-85D08859D42F}.Debug|Mixed Platforms.ActiveCfg = Debug|x86
		{6FA2EF8E-21B2-4201-A2A0-85D08859D42F}.Debug|Mixed Platforms.Build.0 = Debug|x86
		{6FA2EF8E-21B2-4201-A2A0-85D08859D42F}.Debug|x86.ActiveCfg = Debug|x86
		{6FA2EF8E-21B2-4201-A2A0-85D08859D42F}.Debug|x86.Build.0 = Debug|x86
		{6FA2EF8E-21B2-4201-A2A0-85D08859D42F}.Release|Any CPU.ActiveCfg = Release|x86
		{6FA2EF8E-21B2-4201-A2A0-85D08859D42F}.Release|Mixed Platforms.ActiveCfg = Release|x86
		{6FA2EF8E-21B2-4201-A2A0-85D08859D42F}.Release|Mixed Platforms.Build.0 = Release|x86
		{6FA2EF8E-21B2-4201-A2A0-85D08859D42F}.Release|x86.ActiveCfg = Release|x86
		{6FA2EF8E-21B2-4201-A2A0-85D08859D42F}.Release|x86.Build.0 = Release|x86
<<<<<<< .mine
		{DD7118AD-8DAF-4FAF-93B0-CDA8DFEBF0CA}.Debug|Any CPU.ActiveCfg = Debug|Any CPU
		{DD7118AD-8DAF-4FAF-93B0-CDA8DFEBF0CA}.Debug|Any CPU.Build.0 = Debug|Any CPU
		{DD7118AD-8DAF-4FAF-93B0-CDA8DFEBF0CA}.Debug|Mixed Platforms.ActiveCfg = Debug|Any CPU
		{DD7118AD-8DAF-4FAF-93B0-CDA8DFEBF0CA}.Debug|Mixed Platforms.Build.0 = Debug|Any CPU
		{DD7118AD-8DAF-4FAF-93B0-CDA8DFEBF0CA}.Debug|x86.ActiveCfg = Debug|Any CPU
		{DD7118AD-8DAF-4FAF-93B0-CDA8DFEBF0CA}.Release|Any CPU.ActiveCfg = Release|Any CPU
		{DD7118AD-8DAF-4FAF-93B0-CDA8DFEBF0CA}.Release|Any CPU.Build.0 = Release|Any CPU
		{DD7118AD-8DAF-4FAF-93B0-CDA8DFEBF0CA}.Release|Mixed Platforms.ActiveCfg = Release|Any CPU
		{DD7118AD-8DAF-4FAF-93B0-CDA8DFEBF0CA}.Release|Mixed Platforms.Build.0 = Release|Any CPU
		{DD7118AD-8DAF-4FAF-93B0-CDA8DFEBF0CA}.Release|x86.ActiveCfg = Release|Any CPU
=======
		{BA4E94F6-5CA6-402E-B7D0-F6C2EFE955E3}.Debug|Any CPU.ActiveCfg = Debug|Any CPU
		{BA4E94F6-5CA6-402E-B7D0-F6C2EFE955E3}.Debug|Any CPU.Build.0 = Debug|Any CPU
		{BA4E94F6-5CA6-402E-B7D0-F6C2EFE955E3}.Debug|Mixed Platforms.ActiveCfg = Debug|Any CPU
		{BA4E94F6-5CA6-402E-B7D0-F6C2EFE955E3}.Debug|Mixed Platforms.Build.0 = Debug|Any CPU
		{BA4E94F6-5CA6-402E-B7D0-F6C2EFE955E3}.Debug|x86.ActiveCfg = Debug|Any CPU
		{BA4E94F6-5CA6-402E-B7D0-F6C2EFE955E3}.Release|Any CPU.ActiveCfg = Release|Any CPU
		{BA4E94F6-5CA6-402E-B7D0-F6C2EFE955E3}.Release|Any CPU.Build.0 = Release|Any CPU
		{BA4E94F6-5CA6-402E-B7D0-F6C2EFE955E3}.Release|Mixed Platforms.ActiveCfg = Release|Any CPU
		{BA4E94F6-5CA6-402E-B7D0-F6C2EFE955E3}.Release|Mixed Platforms.Build.0 = Release|Any CPU
		{BA4E94F6-5CA6-402E-B7D0-F6C2EFE955E3}.Release|x86.ActiveCfg = Release|Any CPU
>>>>>>> .r172
	EndGlobalSection
	GlobalSection(SolutionProperties) = preSolution
		HideSolutionNode = FALSE
	EndGlobalSection
EndGlobal
